
Microsoft Visual Studio Solution File, Format Version 12.00
# Visual Studio Version 16
VisualStudioVersion = 16.0.31729.503
MinimumVisualStudioVersion = 10.0.40219.1
Project("{8BC9CEB8-8B4A-11D0-8D11-00A0C91BC942}") = "test_2022_3_27", "test_2022_3_27\test_2022_3_27.vcxproj", "{380DAAD0-3E4A-4A15-95B7-8D2412A0FD91}"
EndProject
Global
	GlobalSection(SolutionConfigurationPlatforms) = preSolution
		Debug|x64 = Debug|x64
		Debug|x86 = Debug|x86
		Release|x64 = Release|x64
		Release|x86 = Release|x86
	EndGlobalSection
	GlobalSection(ProjectConfigurationPlatforms) = postSolution
		{380DAAD0-3E4A-4A15-95B7-8D2412A0FD91}.Debug|x64.ActiveCfg = Debug|x64
		{380DAAD0-3E4A-4A15-95B7-8D2412A0FD91}.Debug|x64.Build.0 = Debug|x64
		{380DAAD0-3E4A-4A15-95B7-8D2412A0FD91}.Debug|x86.ActiveCfg = Debug|Win32
		{380DAAD0-3E4A-4A15-95B7-8D2412A0FD91}.Debug|x86.Build.0 = Debug|Win32
		{380DAAD0-3E4A-4A15-95B7-8D2412A0FD91}.Release|x64.ActiveCfg = Release|x64
		{380DAAD0-3E4A-4A15-95B7-8D2412A0FD91}.Release|x64.Build.0 = Release|x64
		{380DAAD0-3E4A-4A15-95B7-8D2412A0FD91}.Release|x86.ActiveCfg = Release|Win32
		{380DAAD0-3E4A-4A15-95B7-8D2412A0FD91}.Release|x86.Build.0 = Release|Win32
	EndGlobalSection
	GlobalSection(SolutionProperties) = preSolution
		HideSolutionNode = FALSE
	EndGlobalSection
	GlobalSection(ExtensibilityGlobals) = postSolution
		SolutionGuid = {9865F9C5-B54A-41DC-BDF5-6C0C3F8F0EAA}
	EndGlobalSection
EndGlobal
