
Microsoft Visual Studio Solution File, Format Version 12.00
# Visual Studio Version 16
VisualStudioVersion = 16.0.31729.503
MinimumVisualStudioVersion = 10.0.40219.1
Project("{8BC9CEB8-8B4A-11D0-8D11-00A0C91BC942}") = "test_12_13", "test_12_13\test_12_13.vcxproj", "{C44B3F85-A553-4B09-A9F9-FD7C1AF88354}"
EndProject
Global
	GlobalSection(SolutionConfigurationPlatforms) = preSolution
		Debug|x64 = Debug|x64
		Debug|x86 = Debug|x86
		Release|x64 = Release|x64
		Release|x86 = Release|x86
	EndGlobalSection
	GlobalSection(ProjectConfigurationPlatforms) = postSolution
		{C44B3F85-A553-4B09-A9F9-FD7C1AF88354}.Debug|x64.ActiveCfg = Debug|x64
		{C44B3F85-A553-4B09-A9F9-FD7C1AF88354}.Debug|x64.Build.0 = Debug|x64
		{C44B3F85-A553-4B09-A9F9-FD7C1AF88354}.Debug|x86.ActiveCfg = Debug|Win32
		{C44B3F85-A553-4B09-A9F9-FD7C1AF88354}.Debug|x86.Build.0 = Debug|Win32
		{C44B3F85-A553-4B09-A9F9-FD7C1AF88354}.Release|x64.ActiveCfg = Release|x64
		{C44B3F85-A553-4B09-A9F9-FD7C1AF88354}.Release|x64.Build.0 = Release|x64
		{C44B3F85-A553-4B09-A9F9-FD7C1AF88354}.Release|x86.ActiveCfg = Release|Win32
		{C44B3F85-A553-4B09-A9F9-FD7C1AF88354}.Release|x86.Build.0 = Release|Win32
	EndGlobalSection
	GlobalSection(SolutionProperties) = preSolution
		HideSolutionNode = FALSE
	EndGlobalSection
	GlobalSection(ExtensibilityGlobals) = postSolution
		SolutionGuid = {F2A45CEC-4D0D-45A3-989F-E188EA878750}
	EndGlobalSection
EndGlobal
