
Microsoft Visual Studio Solution File, Format Version 12.00
# Visual Studio Version 16
VisualStudioVersion = 16.0.31729.503
MinimumVisualStudioVersion = 10.0.40219.1
Project("{8BC9CEB8-8B4A-11D0-8D11-00A0C91BC942}") = "test_11_17", "test_11_17\test_11_17.vcxproj", "{E7D8F701-9DC4-4BE8-816A-73B286376423}"
EndProject
Global
	GlobalSection(SolutionConfigurationPlatforms) = preSolution
		Debug|x64 = Debug|x64
		Debug|x86 = Debug|x86
		Release|x64 = Release|x64
		Release|x86 = Release|x86
	EndGlobalSection
	GlobalSection(ProjectConfigurationPlatforms) = postSolution
		{E7D8F701-9DC4-4BE8-816A-73B286376423}.Debug|x64.ActiveCfg = Debug|x64
		{E7D8F701-9DC4-4BE8-816A-73B286376423}.Debug|x64.Build.0 = Debug|x64
		{E7D8F701-9DC4-4BE8-816A-73B286376423}.Debug|x86.ActiveCfg = Debug|Win32
		{E7D8F701-9DC4-4BE8-816A-73B286376423}.Debug|x86.Build.0 = Debug|Win32
		{E7D8F701-9DC4-4BE8-816A-73B286376423}.Release|x64.ActiveCfg = Release|x64
		{E7D8F701-9DC4-4BE8-816A-73B286376423}.Release|x64.Build.0 = Release|x64
		{E7D8F701-9DC4-4BE8-816A-73B286376423}.Release|x86.ActiveCfg = Release|Win32
		{E7D8F701-9DC4-4BE8-816A-73B286376423}.Release|x86.Build.0 = Release|Win32
	EndGlobalSection
	GlobalSection(SolutionProperties) = preSolution
		HideSolutionNode = FALSE
	EndGlobalSection
	GlobalSection(ExtensibilityGlobals) = postSolution
		SolutionGuid = {5432009D-FC08-4B7C-BF5A-2A66AB07DB30}
	EndGlobalSection
EndGlobal
